
Microsoft Visual Studio Solution File, Format Version 12.00
# Visual Studio 15
Project("{FAE04EC0-301F-11D3-BF4B-00C04F79EFBC}") = "UnityEngine.UI", "UnityEngine.UI.csproj", "{C8DA974E-1B47-BC8E-E6A8-7BF55A8B1A61}"
EndProject
Project("{FAE04EC0-301F-11D3-BF4B-00C04F79EFBC}") = "UnityEngine.TestRunner", "UnityEngine.TestRunner.csproj", "{74E0DE3A-7734-DB92-D480-2B15F1A340BF}"
EndProject
Project("{FAE04EC0-301F-11D3-BF4B-00C04F79EFBC}") = "Assembly-CSharp", "Assembly-CSharp.csproj", "{12F44184-A422-5F27-22E6-507969043F15}"
EndProject
Project("{FAE04EC0-301F-11D3-BF4B-00C04F79EFBC}") = "Unity.Timeline", "Unity.Timeline.csproj", "{5D460F58-CAFD-D707-25EA-19248DE840F7}"
EndProject
Project("{FAE04EC0-301F-11D3-BF4B-00C04F79EFBC}") = "spine-unity-examples", "spine-unity-examples.csproj", "{70A4D1A2-A761-4EA2-9D55-48B09E4DC2F8}"
EndProject
Project("{FAE04EC0-301F-11D3-BF4B-00C04F79EFBC}") = "Unity.TextMeshPro", "Unity.TextMeshPro.csproj", "{6BDD718D-DD40-BA42-A075-6F69D1193500}"
EndProject
Project("{FAE04EC0-301F-11D3-BF4B-00C04F79EFBC}") = "spine-unity", "spine-unity.csproj", "{E8A9D7EA-73F8-B7F5-1B4D-6E7800E3A064}"
EndProject
Project("{FAE04EC0-301F-11D3-BF4B-00C04F79EFBC}") = "UnityEditor.TestRunner", "UnityEditor.TestRunner.csproj", "{2AEA7E12-D780-35FC-47A6-A996CD9E6682}"
EndProject
Project("{FAE04EC0-301F-11D3-BF4B-00C04F79EFBC}") = "Unity.PlasticSCM.Editor", "Unity.PlasticSCM.Editor.csproj", "{54755F4C-68D7-3DCD-D793-269861C77484}"
EndProject
Project("{FAE04EC0-301F-11D3-BF4B-00C04F79EFBC}") = "UnityEditor.UI", "UnityEditor.UI.csproj", "{3AA710AA-B60F-C507-FCCE-BC576A35745B}"
EndProject
Project("{FAE04EC0-301F-11D3-BF4B-00C04F79EFBC}") = "Unity.Services.Core.Editor", "Unity.Services.Core.Editor.csproj", "{8F5DAA85-E2B2-0CE6-B18C-D39049E636F8}"
EndProject
Project("{FAE04EC0-301F-11D3-BF4B-00C04F79EFBC}") = "Unity.Timeline.Editor", "Unity.Timeline.Editor.csproj", "{B45C3D83-07BD-945D-FFA3-9EEDBA5FF57E}"
EndProject
Project("{FAE04EC0-301F-11D3-BF4B-00C04F79EFBC}") = "Unity.VisualStudio.Editor", "Unity.VisualStudio.Editor.csproj", "{4B580568-3095-D510-222E-ABC84E47FECF}"
EndProject
Project("{FAE04EC0-301F-11D3-BF4B-00C04F79EFBC}") = "Unity.TextMeshPro.Editor", "Unity.TextMeshPro.Editor.csproj", "{645366FD-63C9-63E1-6596-4C20AD8E4434}"
EndProject
Project("{FAE04EC0-301F-11D3-BF4B-00C04F79EFBC}") = "Unity.CollabProxy.Editor", "Unity.CollabProxy.Editor.csproj", "{0F7FC999-748C-1D0C-355E-C9477D12FC2C}"
EndProject
Project("{FAE04EC0-301F-11D3-BF4B-00C04F79EFBC}") = "GoogleMobileAds.Editor", "GoogleMobileAds.Editor.csproj", "{3D45007E-E207-85CF-0FE7-60952118F595}"
EndProject
Project("{FAE04EC0-301F-11D3-BF4B-00C04F79EFBC}") = "spine-unity-editor", "spine-unity-editor.csproj", "{4042B1AA-6C60-BDAD-1EE0-4ECB41011DF5}"
EndProject
Project("{FAE04EC0-301F-11D3-BF4B-00C04F79EFBC}") = "Unity.Rider.Editor", "Unity.Rider.Editor.csproj", "{08E1AD25-2D91-8574-4125-AAC4E3673B6A}"
EndProject
Project("{FAE04EC0-301F-11D3-BF4B-00C04F79EFBC}") = "Unity.VSCode.Editor", "Unity.VSCode.Editor.csproj", "{45E74912-FF55-E3A8-0F78-DA587D5DB6FE}"
EndProject
Project("{FAE04EC0-301F-11D3-BF4B-00C04F79EFBC}") = "spine-unity-examples-editor", "spine-unity-examples-editor.csproj", "{1191741A-1D57-8706-38EF-BFA7B73FCB4B}"
EndProject
Project("{FAE04EC0-301F-11D3-BF4B-00C04F79EFBC}") = "Assembly-CSharp-Editor", "Assembly-CSharp-Editor.csproj", "{5544F79C-5306-909F-C855-53D6959D5DFD}"
EndProject
Project("{FAE04EC0-301F-11D3-BF4B-00C04F79EFBC}") = "Unity.2D.Sprite.Editor", "Unity.2D.Sprite.Editor.csproj", "{7EFD55FB-7567-D888-5149-68FC6E544C36}"
EndProject
Project("{FAE04EC0-301F-11D3-BF4B-00C04F79EFBC}") = "UnityEngine.UI", "UnityEngine.UI.Player.csproj", "{2F8C8FE3-BD7C-8CA3-ECA1-DA27684C1C85}"
EndProject
Project("{FAE04EC0-301F-11D3-BF4B-00C04F79EFBC}") = "UnityEngine.TestRunner", "UnityEngine.TestRunner.Player.csproj", "{9AB1C03F-0006-3A3B-DFBD-C7B972AA2E6D}"
EndProject
Project("{FAE04EC0-301F-11D3-BF4B-00C04F79EFBC}") = "Assembly-CSharp", "Assembly-CSharp.Player.csproj", "{0782863C-00AB-AC5D-5DCF-96BCE3193BCC}"
EndProject
Project("{FAE04EC0-301F-11D3-BF4B-00C04F79EFBC}") = "Unity.Timeline", "Unity.Timeline.Player.csproj", "{FC54E88E-3046-C482-D683-FBB6F183D9F0}"
EndProject
Project("{FAE04EC0-301F-11D3-BF4B-00C04F79EFBC}") = "spine-unity-examples", "spine-unity-examples.Player.csproj", "{426A13CF-E2FB-A15D-6511-4662ACFB2326}"
EndProject
Project("{FAE04EC0-301F-11D3-BF4B-00C04F79EFBC}") = "Unity.TextMeshPro", "Unity.TextMeshPro.Player.csproj", "{1444CCF9-E128-B343-0092-A6FC04027C30}"
EndProject
Project("{FAE04EC0-301F-11D3-BF4B-00C04F79EFBC}") = "spine-unity", "spine-unity.Player.csproj", "{3CF6028D-B1CA-34BB-D9EB-50232F056D2D}"
EndProject
Global
	GlobalSection(SolutionConfigurationPlatforms) = preSolution
		Debug|Any CPU = Debug|Any CPU
		Release|Any CPU = Release|Any CPU
	EndGlobalSection
	GlobalSection(ProjectConfigurationPlatforms) = postSolution
		{C8DA974E-1B47-BC8E-E6A8-7BF55A8B1A61}.Debug|Any CPU.ActiveCfg = Debug|Any CPU
		{C8DA974E-1B47-BC8E-E6A8-7BF55A8B1A61}.Debug|Any CPU.Build.0 = Debug|Any CPU
		{C8DA974E-1B47-BC8E-E6A8-7BF55A8B1A61}.Release|Any CPU.ActiveCfg = Release|Any CPU
		{C8DA974E-1B47-BC8E-E6A8-7BF55A8B1A61}.Release|Any CPU.Build.0 = Release|Any CPU
		{74E0DE3A-7734-DB92-D480-2B15F1A340BF}.Debug|Any CPU.ActiveCfg = Debug|Any CPU
		{74E0DE3A-7734-DB92-D480-2B15F1A340BF}.Debug|Any CPU.Build.0 = Debug|Any CPU
		{74E0DE3A-7734-DB92-D480-2B15F1A340BF}.Release|Any CPU.ActiveCfg = Release|Any CPU
		{74E0DE3A-7734-DB92-D480-2B15F1A340BF}.Release|Any CPU.Build.0 = Release|Any CPU
		{12F44184-A422-5F27-22E6-507969043F15}.Debug|Any CPU.ActiveCfg = Debug|Any CPU
		{12F44184-A422-5F27-22E6-507969043F15}.Debug|Any CPU.Build.0 = Debug|Any CPU
		{12F44184-A422-5F27-22E6-507969043F15}.Release|Any CPU.ActiveCfg = Release|Any CPU
		{12F44184-A422-5F27-22E6-507969043F15}.Release|Any CPU.Build.0 = Release|Any CPU
		{5D460F58-CAFD-D707-25EA-19248DE840F7}.Debug|Any CPU.ActiveCfg = Debug|Any CPU
		{5D460F58-CAFD-D707-25EA-19248DE840F7}.Debug|Any CPU.Build.0 = Debug|Any CPU
		{5D460F58-CAFD-D707-25EA-19248DE840F7}.Release|Any CPU.ActiveCfg = Release|Any CPU
		{5D460F58-CAFD-D707-25EA-19248DE840F7}.Release|Any CPU.Build.0 = Release|Any CPU
		{70A4D1A2-A761-4EA2-9D55-48B09E4DC2F8}.Debug|Any CPU.ActiveCfg = Debug|Any CPU
		{70A4D1A2-A761-4EA2-9D55-48B09E4DC2F8}.Debug|Any CPU.Build.0 = Debug|Any CPU
		{70A4D1A2-A761-4EA2-9D55-48B09E4DC2F8}.Release|Any CPU.ActiveCfg = Release|Any CPU
		{70A4D1A2-A761-4EA2-9D55-48B09E4DC2F8}.Release|Any CPU.Build.0 = Release|Any CPU
		{6BDD718D-DD40-BA42-A075-6F69D1193500}.Debug|Any CPU.ActiveCfg = Debug|Any CPU
		{6BDD718D-DD40-BA42-A075-6F69D1193500}.Debug|Any CPU.Build.0 = Debug|Any CPU
		{6BDD718D-DD40-BA42-A075-6F69D1193500}.Release|Any CPU.ActiveCfg = Release|Any CPU
		{6BDD718D-DD40-BA42-A075-6F69D1193500}.Release|Any CPU.Build.0 = Release|Any CPU
		{E8A9D7EA-73F8-B7F5-1B4D-6E7800E3A064}.Debug|Any CPU.ActiveCfg = Debug|Any CPU
		{E8A9D7EA-73F8-B7F5-1B4D-6E7800E3A064}.Debug|Any CPU.Build.0 = Debug|Any CPU
		{E8A9D7EA-73F8-B7F5-1B4D-6E7800E3A064}.Release|Any CPU.ActiveCfg = Release|Any CPU
		{E8A9D7EA-73F8-B7F5-1B4D-6E7800E3A064}.Release|Any CPU.Build.0 = Release|Any CPU
		{2AEA7E12-D780-35FC-47A6-A996CD9E6682}.Debug|Any CPU.ActiveCfg = Debug|Any CPU
		{2AEA7E12-D780-35FC-47A6-A996CD9E6682}.Debug|Any CPU.Build.0 = Debug|Any CPU
		{2AEA7E12-D780-35FC-47A6-A996CD9E6682}.Release|Any CPU.ActiveCfg = Release|Any CPU
		{2AEA7E12-D780-35FC-47A6-A996CD9E6682}.Release|Any CPU.Build.0 = Release|Any CPU
		{54755F4C-68D7-3DCD-D793-269861C77484}.Debug|Any CPU.ActiveCfg = Debug|Any CPU
		{54755F4C-68D7-3DCD-D793-269861C77484}.Debug|Any CPU.Build.0 = Debug|Any CPU
		{54755F4C-68D7-3DCD-D793-269861C77484}.Release|Any CPU.ActiveCfg = Release|Any CPU
		{54755F4C-68D7-3DCD-D793-269861C77484}.Release|Any CPU.Build.0 = Release|Any CPU
		{3AA710AA-B60F-C507-FCCE-BC576A35745B}.Debug|Any CPU.ActiveCfg = Debug|Any CPU
		{3AA710AA-B60F-C507-FCCE-BC576A35745B}.Debug|Any CPU.Build.0 = Debug|Any CPU
		{3AA710AA-B60F-C507-FCCE-BC576A35745B}.Release|Any CPU.ActiveCfg = Release|Any CPU
		{3AA710AA-B60F-C507-FCCE-BC576A35745B}.Release|Any CPU.Build.0 = Release|Any CPU
		{8F5DAA85-E2B2-0CE6-B18C-D39049E636F8}.Debug|Any CPU.ActiveCfg = Debug|Any CPU
		{8F5DAA85-E2B2-0CE6-B18C-D39049E636F8}.Debug|Any CPU.Build.0 = Debug|Any CPU
		{8F5DAA85-E2B2-0CE6-B18C-D39049E636F8}.Release|Any CPU.ActiveCfg = Release|Any CPU
		{8F5DAA85-E2B2-0CE6-B18C-D39049E636F8}.Release|Any CPU.Build.0 = Release|Any CPU
		{B45C3D83-07BD-945D-FFA3-9EEDBA5FF57E}.Debug|Any CPU.ActiveCfg = Debug|Any CPU
		{B45C3D83-07BD-945D-FFA3-9EEDBA5FF57E}.Debug|Any CPU.Build.0 = Debug|Any CPU
		{B45C3D83-07BD-945D-FFA3-9EEDBA5FF57E}.Release|Any CPU.ActiveCfg = Release|Any CPU
		{B45C3D83-07BD-945D-FFA3-9EEDBA5FF57E}.Release|Any CPU.Build.0 = Release|Any CPU
		{4B580568-3095-D510-222E-ABC84E47FECF}.Debug|Any CPU.ActiveCfg = Debug|Any CPU
		{4B580568-3095-D510-222E-ABC84E47FECF}.Debug|Any CPU.Build.0 = Debug|Any CPU
		{4B580568-3095-D510-222E-ABC84E47FECF}.Release|Any CPU.ActiveCfg = Release|Any CPU
		{4B580568-3095-D510-222E-ABC84E47FECF}.Release|Any CPU.Build.0 = Release|Any CPU
		{645366FD-63C9-63E1-6596-4C20AD8E4434}.Debug|Any CPU.ActiveCfg = Debug|Any CPU
		{645366FD-63C9-63E1-6596-4C20AD8E4434}.Debug|Any CPU.Build.0 = Debug|Any CPU
		{645366FD-63C9-63E1-6596-4C20AD8E4434}.Release|Any CPU.ActiveCfg = Release|Any CPU
		{645366FD-63C9-63E1-6596-4C20AD8E4434}.Release|Any CPU.Build.0 = Release|Any CPU
		{0F7FC999-748C-1D0C-355E-C9477D12FC2C}.Debug|Any CPU.ActiveCfg = Debug|Any CPU
		{0F7FC999-748C-1D0C-355E-C9477D12FC2C}.Debug|Any CPU.Build.0 = Debug|Any CPU
		{0F7FC999-748C-1D0C-355E-C9477D12FC2C}.Release|Any CPU.ActiveCfg = Release|Any CPU
		{0F7FC999-748C-1D0C-355E-C9477D12FC2C}.Release|Any CPU.Build.0 = Release|Any CPU
		{3D45007E-E207-85CF-0FE7-60952118F595}.Debug|Any CPU.ActiveCfg = Debug|Any CPU
		{3D45007E-E207-85CF-0FE7-60952118F595}.Debug|Any CPU.Build.0 = Debug|Any CPU
		{3D45007E-E207-85CF-0FE7-60952118F595}.Release|Any CPU.ActiveCfg = Release|Any CPU
		{3D45007E-E207-85CF-0FE7-60952118F595}.Release|Any CPU.Build.0 = Release|Any CPU
		{4042B1AA-6C60-BDAD-1EE0-4ECB41011DF5}.Debug|Any CPU.ActiveCfg = Debug|Any CPU
		{4042B1AA-6C60-BDAD-1EE0-4ECB41011DF5}.Debug|Any CPU.Build.0 = Debug|Any CPU
		{4042B1AA-6C60-BDAD-1EE0-4ECB41011DF5}.Release|Any CPU.ActiveCfg = Release|Any CPU
		{4042B1AA-6C60-BDAD-1EE0-4ECB41011DF5}.Release|Any CPU.Build.0 = Release|Any CPU
		{08E1AD25-2D91-8574-4125-AAC4E3673B6A}.Debug|Any CPU.ActiveCfg = Debug|Any CPU
		{08E1AD25-2D91-8574-4125-AAC4E3673B6A}.Debug|Any CPU.Build.0 = Debug|Any CPU
		{08E1AD25-2D91-8574-4125-AAC4E3673B6A}.Release|Any CPU.ActiveCfg = Release|Any CPU
		{08E1AD25-2D91-8574-4125-AAC4E3673B6A}.Release|Any CPU.Build.0 = Release|Any CPU
		{45E74912-FF55-E3A8-0F78-DA587D5DB6FE}.Debug|Any CPU.ActiveCfg = Debug|Any CPU
		{45E74912-FF55-E3A8-0F78-DA587D5DB6FE}.Debug|Any CPU.Build.0 = Debug|Any CPU
		{45E74912-FF55-E3A8-0F78-DA587D5DB6FE}.Release|Any CPU.ActiveCfg = Release|Any CPU
		{45E74912-FF55-E3A8-0F78-DA587D5DB6FE}.Release|Any CPU.Build.0 = Release|Any CPU
		{1191741A-1D57-8706-38EF-BFA7B73FCB4B}.Debug|Any CPU.ActiveCfg = Debug|Any CPU
		{1191741A-1D57-8706-38EF-BFA7B73FCB4B}.Debug|Any CPU.Build.0 = Debug|Any CPU
		{1191741A-1D57-8706-38EF-BFA7B73FCB4B}.Release|Any CPU.ActiveCfg = Release|Any CPU
		{1191741A-1D57-8706-38EF-BFA7B73FCB4B}.Release|Any CPU.Build.0 = Release|Any CPU
		{5544F79C-5306-909F-C855-53D6959D5DFD}.Debug|Any CPU.ActiveCfg = Debug|Any CPU
		{5544F79C-5306-909F-C855-53D6959D5DFD}.Debug|Any CPU.Build.0 = Debug|Any CPU
		{5544F79C-5306-909F-C855-53D6959D5DFD}.Release|Any CPU.ActiveCfg = Release|Any CPU
		{5544F79C-5306-909F-C855-53D6959D5DFD}.Release|Any CPU.Build.0 = Release|Any CPU
		{7EFD55FB-7567-D888-5149-68FC6E544C36}.Debug|Any CPU.ActiveCfg = Debug|Any CPU
		{7EFD55FB-7567-D888-5149-68FC6E544C36}.Debug|Any CPU.Build.0 = Debug|Any CPU
		{7EFD55FB-7567-D888-5149-68FC6E544C36}.Release|Any CPU.ActiveCfg = Release|Any CPU
		{7EFD55FB-7567-D888-5149-68FC6E544C36}.Release|Any CPU.Build.0 = Release|Any CPU
		{2F8C8FE3-BD7C-8CA3-ECA1-DA27684C1C85}.Debug|Any CPU.ActiveCfg = Debug|Any CPU
		{2F8C8FE3-BD7C-8CA3-ECA1-DA27684C1C85}.Debug|Any CPU.Build.0 = Debug|Any CPU
		{2F8C8FE3-BD7C-8CA3-ECA1-DA27684C1C85}.Release|Any CPU.ActiveCfg = Release|Any CPU
		{2F8C8FE3-BD7C-8CA3-ECA1-DA27684C1C85}.Release|Any CPU.Build.0 = Release|Any CPU
		{9AB1C03F-0006-3A3B-DFBD-C7B972AA2E6D}.Debug|Any CPU.ActiveCfg = Debug|Any CPU
		{9AB1C03F-0006-3A3B-DFBD-C7B972AA2E6D}.Debug|Any CPU.Build.0 = Debug|Any CPU
		{9AB1C03F-0006-3A3B-DFBD-C7B972AA2E6D}.Release|Any CPU.ActiveCfg = Release|Any CPU
		{9AB1C03F-0006-3A3B-DFBD-C7B972AA2E6D}.Release|Any CPU.Build.0 = Release|Any CPU
		{0782863C-00AB-AC5D-5DCF-96BCE3193BCC}.Debug|Any CPU.ActiveCfg = Debug|Any CPU
		{0782863C-00AB-AC5D-5DCF-96BCE3193BCC}.Debug|Any CPU.Build.0 = Debug|Any CPU
		{0782863C-00AB-AC5D-5DCF-96BCE3193BCC}.Release|Any CPU.ActiveCfg = Release|Any CPU
		{0782863C-00AB-AC5D-5DCF-96BCE3193BCC}.Release|Any CPU.Build.0 = Release|Any CPU
		{FC54E88E-3046-C482-D683-FBB6F183D9F0}.Debug|Any CPU.ActiveCfg = Debug|Any CPU
		{FC54E88E-3046-C482-D683-FBB6F183D9F0}.Debug|Any CPU.Build.0 = Debug|Any CPU
		{FC54E88E-3046-C482-D683-FBB6F183D9F0}.Release|Any CPU.ActiveCfg = Release|Any CPU
		{FC54E88E-3046-C482-D683-FBB6F183D9F0}.Release|Any CPU.Build.0 = Release|Any CPU
		{426A13CF-E2FB-A15D-6511-4662ACFB2326}.Debug|Any CPU.ActiveCfg = Debug|Any CPU
		{426A13CF-E2FB-A15D-6511-4662ACFB2326}.Debug|Any CPU.Build.0 = Debug|Any CPU
		{426A13CF-E2FB-A15D-6511-4662ACFB2326}.Release|Any CPU.ActiveCfg = Release|Any CPU
		{426A13CF-E2FB-A15D-6511-4662ACFB2326}.Release|Any CPU.Build.0 = Release|Any CPU
		{1444CCF9-E128-B343-0092-A6FC04027C30}.Debug|Any CPU.ActiveCfg = Debug|Any CPU
		{1444CCF9-E128-B343-0092-A6FC04027C30}.Debug|Any CPU.Build.0 = Debug|Any CPU
		{1444CCF9-E128-B343-0092-A6FC04027C30}.Release|Any CPU.ActiveCfg = Release|Any CPU
		{1444CCF9-E128-B343-0092-A6FC04027C30}.Release|Any CPU.Build.0 = Release|Any CPU
		{3CF6028D-B1CA-34BB-D9EB-50232F056D2D}.Debug|Any CPU.ActiveCfg = Debug|Any CPU
		{3CF6028D-B1CA-34BB-D9EB-50232F056D2D}.Debug|Any CPU.Build.0 = Debug|Any CPU
		{3CF6028D-B1CA-34BB-D9EB-50232F056D2D}.Release|Any CPU.ActiveCfg = Release|Any CPU
		{3CF6028D-B1CA-34BB-D9EB-50232F056D2D}.Release|Any CPU.Build.0 = Release|Any CPU
	EndGlobalSection
	GlobalSection(SolutionProperties) = preSolution
		HideSolutionNode = FALSE
	EndGlobalSection
EndGlobal
